
Microsoft Visual Studio Solution File, Format Version 11.00
# Visual Studio 2010
Project("{FAE04EC0-301F-11D3-BF4B-00C04F79EFBC}") = "Question 2", "Question 2\Question 2.csproj", "{3A73BE89-EA44-4B92-A309-32234BD3DB65}"
EndProject
Global
	GlobalSection(SolutionConfigurationPlatforms) = preSolution
		Debug|x86 = Debug|x86
		Release|x86 = Release|x86
	EndGlobalSection
	GlobalSection(ProjectConfigurationPlatforms) = postSolution
		{3A73BE89-EA44-4B92-A309-32234BD3DB65}.Debug|x86.ActiveCfg = Debug|x86
		{3A73BE89-EA44-4B92-A309-32234BD3DB65}.Debug|x86.Build.0 = Debug|x86
		{3A73BE89-EA44-4B92-A309-32234BD3DB65}.Release|x86.ActiveCfg = Release|x86
		{3A73BE89-EA44-4B92-A309-32234BD3DB65}.Release|x86.Build.0 = Release|x86
	EndGlobalSection
	GlobalSection(SolutionProperties) = preSolution
		HideSolutionNode = FALSE
	EndGlobalSection
EndGlobal
