
Microsoft Visual Studio Solution File, Format Version 11.00
# Visual Studio 2010
Project("{FAE04EC0-301F-11D3-BF4B-00C04F79EFBC}") = "Server", "Server\Server.csproj", "{B1B1D549-1C8A-4114-9F20-3B33C77D1F4D}"
	ProjectSection(ProjectDependencies) = postProject
		{1FD7C134-091A-4BE9-8992-111B40448745} = {1FD7C134-091A-4BE9-8992-111B40448745}
	EndProjectSection
EndProject
Project("{FAE04EC0-301F-11D3-BF4B-00C04F79EFBC}") = "Client", "Client\Client.csproj", "{FFA1F582-C0F1-4E57-9C1A-B1AE9C873132}"
	ProjectSection(ProjectDependencies) = postProject
		{1FD7C134-091A-4BE9-8992-111B40448745} = {1FD7C134-091A-4BE9-8992-111B40448745}
	EndProjectSection
EndProject
Project("{FAE04EC0-301F-11D3-BF4B-00C04F79EFBC}") = "ConnectionUtilities", "ConnectionUtilities\ConnectionUtilities.csproj", "{1FD7C134-091A-4BE9-8992-111B40448745}"
EndProject
Global
	GlobalSection(SolutionConfigurationPlatforms) = preSolution
		Debug|Any CPU = Debug|Any CPU
		Debug|Mixed Platforms = Debug|Mixed Platforms
		Debug|x86 = Debug|x86
		Release|Any CPU = Release|Any CPU
		Release|Mixed Platforms = Release|Mixed Platforms
		Release|x86 = Release|x86
	EndGlobalSection
	GlobalSection(ProjectConfigurationPlatforms) = postSolution
		{B1B1D549-1C8A-4114-9F20-3B33C77D1F4D}.Debug|Any CPU.ActiveCfg = Debug|x86
		{B1B1D549-1C8A-4114-9F20-3B33C77D1F4D}.Debug|Mixed Platforms.ActiveCfg = Debug|x86
		{B1B1D549-1C8A-4114-9F20-3B33C77D1F4D}.Debug|Mixed Platforms.Build.0 = Debug|x86
		{B1B1D549-1C8A-4114-9F20-3B33C77D1F4D}.Debug|x86.ActiveCfg = Debug|x86
		{B1B1D549-1C8A-4114-9F20-3B33C77D1F4D}.Debug|x86.Build.0 = Debug|x86
		{B1B1D549-1C8A-4114-9F20-3B33C77D1F4D}.Release|Any CPU.ActiveCfg = Release|x86
		{B1B1D549-1C8A-4114-9F20-3B33C77D1F4D}.Release|Mixed Platforms.ActiveCfg = Release|x86
		{B1B1D549-1C8A-4114-9F20-3B33C77D1F4D}.Release|Mixed Platforms.Build.0 = Release|x86
		{B1B1D549-1C8A-4114-9F20-3B33C77D1F4D}.Release|x86.ActiveCfg = Release|x86
		{B1B1D549-1C8A-4114-9F20-3B33C77D1F4D}.Release|x86.Build.0 = Release|x86
		{FFA1F582-C0F1-4E57-9C1A-B1AE9C873132}.Debug|Any CPU.ActiveCfg = Debug|x86
		{FFA1F582-C0F1-4E57-9C1A-B1AE9C873132}.Debug|Mixed Platforms.ActiveCfg = Debug|x86
		{FFA1F582-C0F1-4E57-9C1A-B1AE9C873132}.Debug|Mixed Platforms.Build.0 = Debug|x86
		{FFA1F582-C0F1-4E57-9C1A-B1AE9C873132}.Debug|x86.ActiveCfg = Debug|x86
		{FFA1F582-C0F1-4E57-9C1A-B1AE9C873132}.Debug|x86.Build.0 = Debug|x86
		{FFA1F582-C0F1-4E57-9C1A-B1AE9C873132}.Release|Any CPU.ActiveCfg = Release|x86
		{FFA1F582-C0F1-4E57-9C1A-B1AE9C873132}.Release|Mixed Platforms.ActiveCfg = Release|x86
		{FFA1F582-C0F1-4E57-9C1A-B1AE9C873132}.Release|Mixed Platforms.Build.0 = Release|x86
		{FFA1F582-C0F1-4E57-9C1A-B1AE9C873132}.Release|x86.ActiveCfg = Release|x86
		{FFA1F582-C0F1-4E57-9C1A-B1AE9C873132}.Release|x86.Build.0 = Release|x86
		{1FD7C134-091A-4BE9-8992-111B40448745}.Debug|Any CPU.ActiveCfg = Debug|Any CPU
		{1FD7C134-091A-4BE9-8992-111B40448745}.Debug|Any CPU.Build.0 = Debug|Any CPU
		{1FD7C134-091A-4BE9-8992-111B40448745}.Debug|Mixed Platforms.ActiveCfg = Debug|Any CPU
		{1FD7C134-091A-4BE9-8992-111B40448745}.Debug|Mixed Platforms.Build.0 = Debug|Any CPU
		{1FD7C134-091A-4BE9-8992-111B40448745}.Debug|x86.ActiveCfg = Debug|Any CPU
		{1FD7C134-091A-4BE9-8992-111B40448745}.Release|Any CPU.ActiveCfg = Release|Any CPU
		{1FD7C134-091A-4BE9-8992-111B40448745}.Release|Any CPU.Build.0 = Release|Any CPU
		{1FD7C134-091A-4BE9-8992-111B40448745}.Release|Mixed Platforms.ActiveCfg = Release|Any CPU
		{1FD7C134-091A-4BE9-8992-111B40448745}.Release|Mixed Platforms.Build.0 = Release|Any CPU
		{1FD7C134-091A-4BE9-8992-111B40448745}.Release|x86.ActiveCfg = Release|Any CPU
	EndGlobalSection
	GlobalSection(SolutionProperties) = preSolution
		HideSolutionNode = FALSE
	EndGlobalSection
EndGlobal
